
Microsoft Visual Studio Solution File, Format Version 12.00
# Visual Studio Version 17
VisualStudioVersion = 17.2.32616.157
MinimumVisualStudioVersion = 10.0.40219.1
Project("{FAE04EC0-301F-11D3-BF4B-00C04F79EFBC}") = "trex runner", "trex runner\trex runner.csproj", "{F1992F5F-7DF3-498A-9217-66767D4404D3}"
EndProject
Global
	GlobalSection(SolutionConfigurationPlatforms) = preSolution
		Debug|Any CPU = Debug|Any CPU
		Release|Any CPU = Release|Any CPU
	EndGlobalSection
	GlobalSection(ProjectConfigurationPlatforms) = postSolution
		{F1992F5F-7DF3-498A-9217-66767D4404D3}.Debug|Any CPU.ActiveCfg = Debug|Any CPU
		{F1992F5F-7DF3-498A-9217-66767D4404D3}.Debug|Any CPU.Build.0 = Debug|Any CPU
		{F1992F5F-7DF3-498A-9217-66767D4404D3}.Release|Any CPU.ActiveCfg = Release|Any CPU
		{F1992F5F-7DF3-498A-9217-66767D4404D3}.Release|Any CPU.Build.0 = Release|Any CPU
	EndGlobalSection
	GlobalSection(SolutionProperties) = preSolution
		HideSolutionNode = FALSE
	EndGlobalSection
	GlobalSection(ExtensibilityGlobals) = postSolution
		SolutionGuid = {69FAA6BA-4340-44E2-AA47-ABDE51201962}
	EndGlobalSection
EndGlobal
